
Microsoft Visual Studio Solution File, Format Version 12.00
# Visual Studio Version 17
VisualStudioVersion = 17.1.32421.90
MinimumVisualStudioVersion = 10.0.40219.1
Project("{FAE04EC0-301F-11D3-BF4B-00C04F79EFBC}") = "FindMaximumNumber", "FindMaximumNumber\FindMaximumNumber.csproj", "{E29C8280-768D-4732-9DD4-43DD1FFF245D}"
EndProject
Global
	GlobalSection(SolutionConfigurationPlatforms) = preSolution
		Debug|Any CPU = Debug|Any CPU
		Release|Any CPU = Release|Any CPU
	EndGlobalSection
	GlobalSection(ProjectConfigurationPlatforms) = postSolution
		{E29C8280-768D-4732-9DD4-43DD1FFF245D}.Debug|Any CPU.ActiveCfg = Debug|Any CPU
		{E29C8280-768D-4732-9DD4-43DD1FFF245D}.Debug|Any CPU.Build.0 = Debug|Any CPU
		{E29C8280-768D-4732-9DD4-43DD1FFF245D}.Release|Any CPU.ActiveCfg = Release|Any CPU
		{E29C8280-768D-4732-9DD4-43DD1FFF245D}.Release|Any CPU.Build.0 = Release|Any CPU
	EndGlobalSection
	GlobalSection(SolutionProperties) = preSolution
		HideSolutionNode = FALSE
	EndGlobalSection
	GlobalSection(ExtensibilityGlobals) = postSolution
		SolutionGuid = {D09C8FE4-17DE-4CE8-9881-F866F2C8FE43}
	EndGlobalSection
EndGlobal
